// !$*UTF8*$!
{
	archiveVersion = 1;
	classes = {
	};
	objectVersion = 56;
	objects = {

/* Begin PBXBuildFile section */
		454061352937BC5600E0DAC3 /* CoinAppApp.swift in Sources */ = {isa = PBXBuildFile; fileRef = 454061342937BC5600E0DAC3 /* CoinAppApp.swift */; };
		454061372937BC5600E0DAC3 /* ContentView.swift in Sources */ = {isa = PBXBuildFile; fileRef = 454061362937BC5600E0DAC3 /* ContentView.swift */; };
		454061392937BC5800E0DAC3 /* Assets.xcassets in Resources */ = {isa = PBXBuildFile; fileRef = 454061382937BC5800E0DAC3 /* Assets.xcassets */; };
		4540613C2937BC5800E0DAC3 /* Preview Assets.xcassets in Resources */ = {isa = PBXBuildFile; fileRef = 4540613B2937BC5800E0DAC3 /* Preview Assets.xcassets */; };
		454061462937BD7A00E0DAC3 /* Coin.swift in Sources */ = {isa = PBXBuildFile; fileRef = 454061452937BD7A00E0DAC3 /* Coin.swift */; };
		454061492937BD9B00E0DAC3 /* CoinService.swift in Sources */ = {isa = PBXBuildFile; fileRef = 454061482937BD9B00E0DAC3 /* CoinService.swift */; };
		4540614C2937BEDF00E0DAC3 /* Alamofire in Frameworks */ = {isa = PBXBuildFile; productRef = 4540614B2937BEDF00E0DAC3 /* Alamofire */; };
		4540614F2937BEED00E0DAC3 /* Kingfisher in Frameworks */ = {isa = PBXBuildFile; productRef = 4540614E2937BEED00E0DAC3 /* Kingfisher */; };
		454061522937C08900E0DAC3 /* CoinViewModel.swift in Sources */ = {isa = PBXBuildFile; fileRef = 454061512937C08900E0DAC3 /* CoinViewModel.swift */; };
		454061542937C9BE00E0DAC3 /* CoinRowView.swift in Sources */ = {isa = PBXBuildFile; fileRef = 454061532937C9BE00E0DAC3 /* CoinRowView.swift */; };
		45FB95682937DB570013A65E /* SearchBarView.swift in Sources */ = {isa = PBXBuildFile; fileRef = 45FB95672937DB570013A65E /* SearchBarView.swift */; };
/* End PBXBuildFile section */

/* Begin PBXFileReference section */
		454061312937BC5600E0DAC3 /* CoinApp.app */ = {isa = PBXFileReference; explicitFileType = wrapper.application; includeInIndex = 0; path = CoinApp.app; sourceTree = BUILT_PRODUCTS_DIR; };
		454061342937BC5600E0DAC3 /* CoinAppApp.swift */ = {isa = PBXFileReference; lastKnownFileType = sourcecode.swift; path = CoinAppApp.swift; sourceTree = "<group>"; };
		454061362937BC5600E0DAC3 /* ContentView.swift */ = {isa = PBXFileReference; lastKnownFileType = sourcecode.swift; path = ContentView.swift; sourceTree = "<group>"; };
		454061382937BC5800E0DAC3 /* Assets.xcassets */ = {isa = PBXFileReference; lastKnownFileType = folder.assetcatalog; path = Assets.xcassets; sourceTree = "<group>"; };
		4540613B2937BC5800E0DAC3 /* Preview Assets.xcassets */ = {isa = PBXFileReference; lastKnownFileType = folder.assetcatalog; path = "Preview Assets.xcassets"; sourceTree = "<group>"; };
		454061452937BD7A00E0DAC3 /* Coin.swift */ = {isa = PBXFileReference; lastKnownFileType = sourcecode.swift; path = Coin.swift; sourceTree = "<group>"; };
		454061482937BD9B00E0DAC3 /* CoinService.swift */ = {isa = PBXFileReference; lastKnownFileType = sourcecode.swift; path = CoinService.swift; sourceTree = "<group>"; };
		454061512937C08900E0DAC3 /* CoinViewModel.swift */ = {isa = PBXFileReference; lastKnownFileType = sourcecode.swift; path = CoinViewModel.swift; sourceTree = "<group>"; };
		454061532937C9BE00E0DAC3 /* CoinRowView.swift */ = {isa = PBXFileReference; lastKnownFileType = sourcecode.swift; path = CoinRowView.swift; sourceTree = "<group>"; };
		45FB95672937DB570013A65E /* SearchBarView.swift */ = {isa = PBXFileReference; lastKnownFileType = sourcecode.swift; path = SearchBarView.swift; sourceTree = "<group>"; };
/* End PBXFileReference section */

/* Begin PBXFrameworksBuildPhase section */
		4540612E2937BC5600E0DAC3 /* Frameworks */ = {
			isa = PBXFrameworksBuildPhase;
			buildActionMask = 2147483647;
			files = (
				4540614F2937BEED00E0DAC3 /* Kingfisher in Frameworks */,
				4540614C2937BEDF00E0DAC3 /* Alamofire in Frameworks */,
			);
			runOnlyForDeploymentPostprocessing = 0;
		};
/* End PBXFrameworksBuildPhase section */

/* Begin PBXGroup section */
		454061282937BC5600E0DAC3 = {
			isa = PBXGroup;
			children = (
				454061332937BC5600E0DAC3 /* CoinApp */,
				454061322937BC5600E0DAC3 /* Products */,
			);
			sourceTree = "<group>";
		};
		454061322937BC5600E0DAC3 /* Products */ = {
			isa = PBXGroup;
			children = (
				454061312937BC5600E0DAC3 /* CoinApp.app */,
			);
			name = Products;
			sourceTree = "<group>";
		};
		454061332937BC5600E0DAC3 /* CoinApp */ = {
			isa = PBXGroup;
			children = (
				454061472937BD8F00E0DAC3 /* Service */,
				454061422937BC6F00E0DAC3 /* Model */,
				454061442937BC7A00E0DAC3 /* View */,
				454061432937BC7400E0DAC3 /* ViewModel */,
				454061342937BC5600E0DAC3 /* CoinAppApp.swift */,
				454061362937BC5600E0DAC3 /* ContentView.swift */,
				454061382937BC5800E0DAC3 /* Assets.xcassets */,
				4540613A2937BC5800E0DAC3 /* Preview Content */,
			);
			path = CoinApp;
			sourceTree = "<group>";
		};
		4540613A2937BC5800E0DAC3 /* Preview Content */ = {
			isa = PBXGroup;
			children = (
				4540613B2937BC5800E0DAC3 /* Preview Assets.xcassets */,
			);
			path = "Preview Content";
			sourceTree = "<group>";
		};
		454061422937BC6F00E0DAC3 /* Model */ = {
			isa = PBXGroup;
			children = (
				454061452937BD7A00E0DAC3 /* Coin.swift */,
			);
			path = Model;
			sourceTree = "<group>";
		};
		454061432937BC7400E0DAC3 /* ViewModel */ = {
			isa = PBXGroup;
			children = (
				454061512937C08900E0DAC3 /* CoinViewModel.swift */,
			);
			path = ViewModel;
			sourceTree = "<group>";
		};
		454061442937BC7A00E0DAC3 /* View */ = {
			isa = PBXGroup;
			children = (
				454061532937C9BE00E0DAC3 /* CoinRowView.swift */,
				45FB95672937DB570013A65E /* SearchBarView.swift */,
			);
			path = View;
			sourceTree = "<group>";
		};
		454061472937BD8F00E0DAC3 /* Service */ = {
			isa = PBXGroup;
			children = (
				454061482937BD9B00E0DAC3 /* CoinService.swift */,
			);
			path = Service;
			sourceTree = "<group>";
		};
/* End PBXGroup section */

/* Begin PBXNativeTarget section */
		454061302937BC5600E0DAC3 /* CoinApp */ = {
			isa = PBXNativeTarget;
			buildConfigurationList = 4540613F2937BC5800E0DAC3 /* Build configuration list for PBXNativeTarget "CoinApp" */;
			buildPhases = (
				4540612D2937BC5600E0DAC3 /* Sources */,
				4540612E2937BC5600E0DAC3 /* Frameworks */,
				4540612F2937BC5600E0DAC3 /* Resources */,
			);
			buildRules = (
			);
			dependencies = (
			);
			name = CoinApp;
			packageProductDependencies = (
				4540614B2937BEDF00E0DAC3 /* Alamofire */,
				4540614E2937BEED00E0DAC3 /* Kingfisher */,
			);
			productName = CoinApp;
			productReference = 454061312937BC5600E0DAC3 /* CoinApp.app */;
			productType = "com.apple.product-type.application";
		};
/* End PBXNativeTarget section */

/* Begin PBXProject section */
		454061292937BC5600E0DAC3 /* Project object */ = {
			isa = PBXProject;
			attributes = {
				BuildIndependentTargetsInParallel = 1;
				LastSwiftUpdateCheck = 1410;
				LastUpgradeCheck = 1410;
				TargetAttributes = {
					454061302937BC5600E0DAC3 = {
						CreatedOnToolsVersion = 14.1;
					};
				};
			};
			buildConfigurationList = 4540612C2937BC5600E0DAC3 /* Build configuration list for PBXProject "CoinApp" */;
			compatibilityVersion = "Xcode 14.0";
			developmentRegion = en;
			hasScannedForEncodings = 0;
			knownRegions = (
				en,
				Base,
			);
			mainGroup = 454061282937BC5600E0DAC3;
			packageReferences = (
				4540614A2937BEDF00E0DAC3 /* XCRemoteSwiftPackageReference "Alamofire" */,
				4540614D2937BEED00E0DAC3 /* XCRemoteSwiftPackageReference "Kingfisher" */,
			);
			productRefGroup = 454061322937BC5600E0DAC3 /* Products */;
			projectDirPath = "";
			projectRoot = "";
			targets = (
				454061302937BC5600E0DAC3 /* CoinApp */,
			);
		};
/* End PBXProject section */

/* Begin PBXResourcesBuildPhase section */
		4540612F2937BC5600E0DAC3 /* Resources */ = {
			isa = PBXResourcesBuildPhase;
			buildActionMask = 2147483647;
			files = (
				4540613C2937BC5800E0DAC3 /* Preview Assets.xcassets in Resources */,
				454061392937BC5800E0DAC3 /* Assets.xcassets in Resources */,
			);
			runOnlyForDeploymentPostprocessing = 0;
		};
/* End PBXResourcesBuildPhase section */

/* Begin PBXSourcesBuildPhase section */
		4540612D2937BC5600E0DAC3 /* Sources */ = {
			isa = PBXSourcesBuildPhase;
			buildActionMask = 2147483647;
			files = (
				454061542937C9BE00E0DAC3 /* CoinRowView.swift in Sources */,
				454061522937C08900E0DAC3 /* CoinViewModel.swift in Sources */,
				454061462937BD7A00E0DAC3 /* Coin.swift in Sources */,
				45FB95682937DB570013A65E /* SearchBarView.swift in Sources */,
				454061372937BC5600E0DAC3 /* ContentView.swift in Sources */,
				454061492937BD9B00E0DAC3 /* CoinService.swift in Sources */,
				454061352937BC5600E0DAC3 /* CoinAppApp.swift in Sources */,
			);
			runOnlyForDeploymentPostprocessing = 0;
		};
/* End PBXSourcesBuildPhase section */

/* Begin XCBuildConfiguration section */
		4540613D2937BC5800E0DAC3 /* Debug */ = {
			isa = XCBuildConfiguration;
			buildSettings = {
				ALWAYS_SEARCH_USER_PATHS = NO;
				CLANG_ANALYZER_NONNULL = YES;
				CLANG_ANALYZER_NUMBER_OBJECT_CONVERSION = YES_AGGRESSIVE;
				CLANG_CXX_LANGUAGE_STANDARD = "gnu++20";
				CLANG_ENABLE_MODULES = YES;
				CLANG_ENABLE_OBJC_ARC = YES;
				CLANG_ENABLE_OBJC_WEAK = YES;
				CLANG_WARN_BLOCK_CAPTURE_AUTORELEASING = YES;
				CLANG_WARN_BOOL_CONVERSION = YES;
				CLANG_WARN_COMMA = YES;
				CLANG_WARN_CONSTANT_CONVERSION = YES;
				CLANG_WARN_DEPRECATED_OBJC_IMPLEMENTATIONS = YES;
				CLANG_WARN_DIRECT_OBJC_ISA_USAGE = YES_ERROR;
				CLANG_WARN_DOCUMENTATION_COMMENTS = YES;
				CLANG_WARN_EMPTY_BODY = YES;
				CLANG_WARN_ENUM_CONVERSION = YES;
				CLANG_WARN_INFINITE_RECURSION = YES;
				CLANG_WARN_INT_CONVERSION = YES;
				CLANG_WARN_NON_LITERAL_NULL_CONVERSION = YES;
				CLANG_WARN_OBJC_IMPLICIT_RETAIN_SELF = YES;
				CLANG_WARN_OBJC_LITERAL_CONVERSION = YES;
				CLANG_WARN_OBJC_ROOT_CLASS = YES_ERROR;
				CLANG_WARN_QUOTED_INCLUDE_IN_FRAMEWORK_HEADER = YES;
				CLANG_WARN_RANGE_LOOP_ANALYSIS = YES;
				CLANG_WARN_STRICT_PROTOTYPES = YES;
				CLANG_WARN_SUSPICIOUS_MOVE = YES;
				CLANG_WARN_UNGUARDED_AVAILABILITY = YES_AGGRESSIVE;
				CLANG_WARN_UNREACHABLE_CODE = YES;
				CLANG_WARN__DUPLICATE_METHOD_MATCH = YES;
				COPY_PHASE_STRIP = NO;
				DEBUG_INFORMATION_FORMAT = dwarf;
				ENABLE_STRICT_OBJC_MSGSEND = YES;
				ENABLE_TESTABILITY = YES;
				GCC_C_LANGUAGE_STANDARD = gnu11;
				GCC_DYNAMIC_NO_PIC = NO;
				GCC_NO_COMMON_BLOCKS = YES;
				GCC_OPTIMIZATION_LEVEL = 0;
				GCC_PREPROCESSOR_DEFINITIONS = (
					"DEBUG=1",
					"$(inherited)",
				);
				GCC_WARN_64_TO_32_BIT_CONVERSION = YES;
				GCC_WARN_ABOUT_RETURN_TYPE = YES_ERROR;
				GCC_WARN_UNDECLARED_SELECTOR = YES;
				GCC_WARN_UNINITIALIZED_AUTOS = YES_AGGRESSIVE;
				GCC_WARN_UNUSED_FUNCTION = YES;
				GCC_WARN_UNUSED_VARIABLE = YES;
				IPHONEOS_DEPLOYMENT_TARGET = 16.1;
				MTL_ENABLE_DEBUG_INFO = INCLUDE_SOURCE;
				MTL_FAST_MATH = YES;
				ONLY_ACTIVE_ARCH = YES;
				SDKROOT = iphoneos;
				SWIFT_ACTIVE_COMPILATION_CONDITIONS = DEBUG;
				SWIFT_OPTIMIZATION_LEVEL = "-Onone";
			};
			name = Debug;
		};
		4540613E2937BC5800E0DAC3 /* Release */ = {
			isa = XCBuildConfiguration;
			buildSettings = {
				ALWAYS_SEARCH_USER_PATHS = NO;
				CLANG_ANALYZER_NONNULL = YES;
				CLANG_ANALYZER_NUMBER_OBJECT_CONVERSION = YES_AGGRESSIVE;
				CLANG_CXX_LANGUAGE_STANDARD = "gnu++20";
				CLANG_ENABLE_MODULES = YES;
				CLANG_ENABLE_OBJC_ARC = YES;
				CLANG_ENABLE_OBJC_WEAK = YES;
				CLANG_WARN_BLOCK_CAPTURE_AUTORELEASING = YES;
				CLANG_WARN_BOOL_CONVERSION = YES;
				CLANG_WARN_COMMA = YES;
				CLANG_WARN_CONSTANT_CONVERSION = YES;
				CLANG_WARN_DEPRECATED_OBJC_IMPLEMENTATIONS = YES;
				CLANG_WARN_DIRECT_OBJC_ISA_USAGE = YES_ERROR;
				CLANG_WARN_DOCUMENTATION_COMMENTS = YES;
				CLANG_WARN_EMPTY_BODY = YES;
				CLANG_WARN_ENUM_CONVERSION = YES;
				CLANG_WARN_INFINITE_RECURSION = YES;
				CLANG_WARN_INT_CONVERSION = YES;
				CLANG_WARN_NON_LITERAL_NULL_CONVERSION = YES;
				CLANG_WARN_OBJC_IMPLICIT_RETAIN_SELF = YES;
				CLANG_WARN_OBJC_LITERAL_CONVERSION = YES;
				CLANG_WARN_OBJC_ROOT_CLASS = YES_ERROR;
				CLANG_WARN_QUOTED_INCLUDE_IN_FRAMEWORK_HEADER = YES;
				CLANG_WARN_RANGE_LOOP_ANALYSIS = YES;
				CLANG_WARN_STRICT_PROTOTYPES = YES;
				CLANG_WARN_SUSPICIOUS_MOVE = YES;
				CLANG_WARN_UNGUARDED_AVAILABILITY = YES_AGGRESSIVE;
				CLANG_WARN_UNREACHABLE_CODE = YES;
				CLANG_WARN__DUPLICATE_METHOD_MATCH = YES;
				COPY_PHASE_STRIP = NO;
				DEBUG_INFORMATION_FORMAT = "dwarf-with-dsym";
				ENABLE_NS_ASSERTIONS = NO;
				ENABLE_STRICT_OBJC_MSGSEND = YES;
				GCC_C_LANGUAGE_STANDARD = gnu11;
				GCC_NO_COMMON_BLOCKS = YES;
				GCC_WARN_64_TO_32_BIT_CONVERSION = YES;
				GCC_WARN_ABOUT_RETURN_TYPE = YES_ERROR;
				GCC_WARN_UNDECLARED_SELECTOR = YES;
				GCC_WARN_UNINITIALIZED_AUTOS = YES_AGGRESSIVE;
				GCC_WARN_UNUSED_FUNCTION = YES;
				GCC_WARN_UNUSED_VARIABLE = YES;
				IPHONEOS_DEPLOYMENT_TARGET = 16.1;
				MTL_ENABLE_DEBUG_INFO = NO;
				MTL_FAST_MATH = YES;
				SDKROOT = iphoneos;
				SWIFT_COMPILATION_MODE = wholemodule;
				SWIFT_OPTIMIZATION_LEVEL = "-O";
				VALIDATE_PRODUCT = YES;
			};
			name = Release;
		};
		454061402937BC5800E0DAC3 /* Debug */ = {
			isa = XCBuildConfiguration;
			buildSettings = {
				ASSETCATALOG_COMPILER_APPICON_NAME = AppIcon;
				ASSETCATALOG_COMPILER_GLOBAL_ACCENT_COLOR_NAME = AccentColor;
				CODE_SIGN_STYLE = Automatic;
				CURRENT_PROJECT_VERSION = 1;
				DEVELOPMENT_ASSET_PATHS = "\"CoinApp/Preview Content\"";
				ENABLE_PREVIEWS = YES;
				GENERATE_INFOPLIST_FILE = YES;
				INFOPLIST_KEY_UIApplicationSceneManifest_Generation = YES;
				INFOPLIST_KEY_UIApplicationSupportsIndirectInputEvents = YES;
				INFOPLIST_KEY_UILaunchScreen_Generation = YES;
				INFOPLIST_KEY_UISupportedInterfaceOrientations_iPad = "UIInterfaceOrientationPortrait UIInterfaceOrientationPortraitUpsideDown UIInterfaceOrientationLandscapeLeft UIInterfaceOrientationLandscapeRight";
				INFOPLIST_KEY_UISupportedInterfaceOrientations_iPhone = "UIInterfaceOrientationPortrait UIInterfaceOrientationLandscapeLeft UIInterfaceOrientationLandscapeRight";
				LD_RUNPATH_SEARCH_PATHS = (
					"$(inherited)",
					"@executable_path/Frameworks",
				);
				MARKETING_VERSION = 1.0;
				PRODUCT_BUNDLE_IDENTIFIER = furkanc.CoinApp;
				PRODUCT_NAME = "$(TARGET_NAME)";
				SWIFT_EMIT_LOC_STRINGS = YES;
				SWIFT_VERSION = 5.0;
				TARGETED_DEVICE_FAMILY = "1,2";
			};
			name = Debug;
		};
		454061412937BC5800E0DAC3 /* Release */ = {
			isa = XCBuildConfiguration;
			buildSettings = {
				ASSETCATALOG_COMPILER_APPICON_NAME = AppIcon;
				ASSETCATALOG_COMPILER_GLOBAL_ACCENT_COLOR_NAME = AccentColor;
				CODE_SIGN_STYLE = Automatic;
				CURRENT_PROJECT_VERSION = 1;
				DEVELOPMENT_ASSET_PATHS = "\"CoinApp/Preview Content\"";
				ENABLE_PREVIEWS = YES;
				GENERATE_INFOPLIST_FILE = YES;
				INFOPLIST_KEY_UIApplicationSceneManifest_Generation = YES;
				INFOPLIST_KEY_UIApplicationSupportsIndirectInputEvents = YES;
				INFOPLIST_KEY_UILaunchScreen_Generation = YES;
				INFOPLIST_KEY_UISupportedInterfaceOrientations_iPad = "UIInterfaceOrientationPortrait UIInterfaceOrientationPortraitUpsideDown UIInterfaceOrientationLandscapeLeft UIInterfaceOrientationLandscapeRight";
				INFOPLIST_KEY_UISupportedInterfaceOrientations_iPhone = "UIInterfaceOrientationPortrait UIInterfaceOrientationLandscapeLeft UIInterfaceOrientationLandscapeRight";
				LD_RUNPATH_SEARCH_PATHS = (
					"$(inherited)",
					"@executable_path/Frameworks",
				);
				MARKETING_VERSION = 1.0;
				PRODUCT_BUNDLE_IDENTIFIER = furkanc.CoinApp;
				PRODUCT_NAME = "$(TARGET_NAME)";
				SWIFT_EMIT_LOC_STRINGS = YES;
				SWIFT_VERSION = 5.0;
				TARGETED_DEVICE_FAMILY = "1,2";
			};
			name = Release;
		};
/* End XCBuildConfiguration section */

/* Begin XCConfigurationList section */
		4540612C2937BC5600E0DAC3 /* Build configuration list for PBXProject "CoinApp" */ = {
			isa = XCConfigurationList;
			buildConfigurations = (
				4540613D2937BC5800E0DAC3 /* Debug */,
				4540613E2937BC5800E0DAC3 /* Release */,
			);
			defaultConfigurationIsVisible = 0;
			defaultConfigurationName = Release;
		};
		4540613F2937BC5800E0DAC3 /* Build configuration list for PBXNativeTarget "CoinApp" */ = {
			isa = XCConfigurationList;
			buildConfigurations = (
				454061402937BC5800E0DAC3 /* Debug */,
				454061412937BC5800E0DAC3 /* Release */,
			);
			defaultConfigurationIsVisible = 0;
			defaultConfigurationName = Release;
		};
/* End XCConfigurationList section */

/* Begin XCRemoteSwiftPackageReference section */
		4540614A2937BEDF00E0DAC3 /* XCRemoteSwiftPackageReference "Alamofire" */ = {
			isa = XCRemoteSwiftPackageReference;
			repositoryURL = "https://github.com/Alamofire/Alamofire.git";
			requirement = {
				kind = upToNextMajorVersion;
				minimumVersion = 5.0.0;
			};
		};
		4540614D2937BEED00E0DAC3 /* XCRemoteSwiftPackageReference "Kingfisher" */ = {
			isa = XCRemoteSwiftPackageReference;
			repositoryURL = "https://github.com/onevcat/Kingfisher.git";
			requirement = {
				branch = master;
				kind = branch;
			};
		};
/* End XCRemoteSwiftPackageReference section */

/* Begin XCSwiftPackageProductDependency section */
		4540614B2937BEDF00E0DAC3 /* Alamofire */ = {
			isa = XCSwiftPackageProductDependency;
			package = 4540614A2937BEDF00E0DAC3 /* XCRemoteSwiftPackageReference "Alamofire" */;
			productName = Alamofire;
		};
		4540614E2937BEED00E0DAC3 /* Kingfisher */ = {
			isa = XCSwiftPackageProductDependency;
			package = 4540614D2937BEED00E0DAC3 /* XCRemoteSwiftPackageReference "Kingfisher" */;
			productName = Kingfisher;
		};
/* End XCSwiftPackageProductDependency section */
	};
	rootObject = 454061292937BC5600E0DAC3 /* Project object */;
}
